version = 1
revision = 2
requires-python = ">=3.12"

[[package]]
name = "beautifulsoup4"
version = "4.13.4"
source = { registry = "https://mirrors.tuna.tsinghua.edu.cn/pypi/web/simple" }
dependencies = [
    { name = "soupsieve" },
    { name = "typing-extensions" },
]
sdist = { url = "https://mirrors.tuna.tsinghua.edu.cn/pypi/web/packages/d8/e4/0c4c39e18fd76d6a628d4dd8da40543d136ce2d1752bd6eeeab0791f4d6b/beautifulsoup4-4.13.4.tar.gz", hash = "sha256:dbb3c4e1ceae6aefebdaf2423247260cd062430a410e38c66f2baa50a8437195", size = 621067, upload-time = "2025-04-15T17:05:13.836Z" }
wheels = [
    { url = "https://mirrors.tuna.tsinghua.edu.cn/pypi/web/packages/50/cd/30110dc0ffcf3b131156077b90e9f60ed75711223f306da4db08eff8403b/beautifulsoup4-4.13.4-py3-none-any.whl", hash = "sha256:9bbbb14bfde9d79f38b8cd5f8c7c85f4b8f2523190ebed90e950a8dea4cb1c4b", size = 187285, upload-time = "2025-04-15T17:05:12.221Z" },
]

[[package]]
name = "builder"
version = "0.1.0"
source = { virtual = "." }
dependencies = [
    { name = "beautifulsoup4" },
    { name = "pip" },
    { name = "pypiserver" },
    { name = "requests" },
    { name = "uv" },
]

[package.metadata]
requires-dist = [
    { name = "beautifulsoup4", specifier = ">=4.13.4" },
    { name = "pip", specifier = ">=25.1.1" },
    { name = "pypiserver", specifier = ">=2.3.2" },
    { name = "requests", specifier = ">=2.32.3" },
    { name = "uv", specifier = ">=0.7.5" },
]

[[package]]
name = "certifi"
version = "2025.4.26"
source = { registry = "https://mirrors.tuna.tsinghua.edu.cn/pypi/web/simple" }
sdist = { url = "https://mirrors.tuna.tsinghua.edu.cn/pypi/web/packages/e8/9e/c05b3920a3b7d20d3d3310465f50348e5b3694f4f88c6daf736eef3024c4/certifi-2025.4.26.tar.gz", hash = "sha256:0a816057ea3cdefcef70270d2c515e4506bbc954f417fa5ade2021213bb8f0c6", size = 160705, upload-time = "2025-04-26T02:12:29.51Z" }
wheels = [
    { url = "https://mirrors.tuna.tsinghua.edu.cn/pypi/web/packages/4a/7e/3db2bd1b1f9e95f7cddca6d6e75e2f2bd9f51b1246e546d88addca0106bd/certifi-2025.4.26-py3-none-any.whl", hash = "sha256:30350364dfe371162649852c63336a15c70c6510c2ad5015b21c2345311805f3", size = 159618, upload-time = "2025-04-26T02:12:27.662Z" },
]

[[package]]
name = "charset-normalizer"
version = "3.4.2"
source = { registry = "https://mirrors.tuna.tsinghua.edu.cn/pypi/web/simple" }
sdist = { url = "https://mirrors.tuna.tsinghua.edu.cn/pypi/web/packages/e4/33/89c2ced2b67d1c2a61c19c6751aa8902d46ce3dacb23600a283619f5a12d/charset_normalizer-3.4.2.tar.gz", hash = "sha256:5baececa9ecba31eff645232d59845c07aa030f0c81ee70184a90d35099a0e63", size = 126367, upload-time = "2025-05-02T08:34:42.01Z" }
wheels = [
    { url = "https://mirrors.tuna.tsinghua.edu.cn/pypi/web/packages/d7/a4/37f4d6035c89cac7930395a35cc0f1b872e652eaafb76a6075943754f095/charset_normalizer-3.4.2-cp312-cp312-macosx_10_13_universal2.whl", hash = "sha256:0c29de6a1a95f24b9a1aa7aefd27d2487263f00dfd55a77719b530788f75cff7", size = 199936, upload-time = "2025-05-02T08:32:33.712Z" },
    { url = "https://mirrors.tuna.tsinghua.edu.cn/pypi/web/packages/ee/8a/1a5e33b73e0d9287274f899d967907cd0bf9c343e651755d9307e0dbf2b3/charset_normalizer-3.4.2-cp312-cp312-manylinux_2_17_aarch64.manylinux2014_aarch64.whl", hash = "sha256:cddf7bd982eaa998934a91f69d182aec997c6c468898efe6679af88283b498d3", size = 143790, upload-time = "2025-05-02T08:32:35.768Z" },
    { url = "https://mirrors.tuna.tsinghua.edu.cn/pypi/web/packages/66/52/59521f1d8e6ab1482164fa21409c5ef44da3e9f653c13ba71becdd98dec3/charset_normalizer-3.4.2-cp312-cp312-manylinux_2_17_ppc64le.manylinux2014_ppc64le.whl", hash = "sha256:fcbe676a55d7445b22c10967bceaaf0ee69407fbe0ece4d032b6eb8d4565982a", size = 153924, upload-time = "2025-05-02T08:32:37.284Z" },
    { url = "https://mirrors.tuna.tsinghua.edu.cn/pypi/web/packages/86/2d/fb55fdf41964ec782febbf33cb64be480a6b8f16ded2dbe8db27a405c09f/charset_normalizer-3.4.2-cp312-cp312-manylinux_2_17_s390x.manylinux2014_s390x.whl", hash = "sha256:d41c4d287cfc69060fa91cae9683eacffad989f1a10811995fa309df656ec214", size = 146626, upload-time = "2025-05-02T08:32:38.803Z" },
    { url = "https://mirrors.tuna.tsinghua.edu.cn/pypi/web/packages/8c/73/6ede2ec59bce19b3edf4209d70004253ec5f4e319f9a2e3f2f15601ed5f7/charset_normalizer-3.4.2-cp312-cp312-manylinux_2_17_x86_64.manylinux2014_x86_64.whl", hash = "sha256:4e594135de17ab3866138f496755f302b72157d115086d100c3f19370839dd3a", size = 148567, upload-time = "2025-05-02T08:32:40.251Z" },
    { url = "https://mirrors.tuna.tsinghua.edu.cn/pypi/web/packages/09/14/957d03c6dc343c04904530b6bef4e5efae5ec7d7990a7cbb868e4595ee30/charset_normalizer-3.4.2-cp312-cp312-manylinux_2_5_i686.manylinux1_i686.manylinux_2_17_i686.manylinux2014_i686.whl", hash = "sha256:cf713fe9a71ef6fd5adf7a79670135081cd4431c2943864757f0fa3a65b1fafd", size = 150957, upload-time = "2025-05-02T08:32:41.705Z" },
    { url = "https://mirrors.tuna.tsinghua.edu.cn/pypi/web/packages/0d/c8/8174d0e5c10ccebdcb1b53cc959591c4c722a3ad92461a273e86b9f5a302/charset_normalizer-3.4.2-cp312-cp312-musllinux_1_2_aarch64.whl", hash = "sha256:a370b3e078e418187da8c3674eddb9d983ec09445c99a3a263c2011993522981", size = 145408, upload-time = "2025-05-02T08:32:43.709Z" },
    { url = "https://mirrors.tuna.tsinghua.edu.cn/pypi/web/packages/58/aa/8904b84bc8084ac19dc52feb4f5952c6df03ffb460a887b42615ee1382e8/charset_normalizer-3.4.2-cp312-cp312-musllinux_1_2_i686.whl", hash = "sha256:a955b438e62efdf7e0b7b52a64dc5c3396e2634baa62471768a64bc2adb73d5c", size = 153399, upload-time = "2025-05-02T08:32:46.197Z" },
    { url = "https://mirrors.tuna.tsinghua.edu.cn/pypi/web/packages/c2/26/89ee1f0e264d201cb65cf054aca6038c03b1a0c6b4ae998070392a3ce605/charset_normalizer-3.4.2-cp312-cp312-musllinux_1_2_ppc64le.whl", hash = "sha256:7222ffd5e4de8e57e03ce2cef95a4c43c98fcb72ad86909abdfc2c17d227fc1b", size = 156815, upload-time = "2025-05-02T08:32:48.105Z" },
    { url = "https://mirrors.tuna.tsinghua.edu.cn/pypi/web/packages/fd/07/68e95b4b345bad3dbbd3a8681737b4338ff2c9df29856a6d6d23ac4c73cb/charset_normalizer-3.4.2-cp312-cp312-musllinux_1_2_s390x.whl", hash = "sha256:bee093bf902e1d8fc0ac143c88902c3dfc8941f7ea1d6a8dd2bcb786d33db03d", size = 154537, upload-time = "2025-05-02T08:32:49.719Z" },
    { url = "https://mirrors.tuna.tsinghua.edu.cn/pypi/web/packages/77/1a/5eefc0ce04affb98af07bc05f3bac9094513c0e23b0562d64af46a06aae4/charset_normalizer-3.4.2-cp312-cp312-musllinux_1_2_x86_64.whl", hash = "sha256:dedb8adb91d11846ee08bec4c8236c8549ac721c245678282dcb06b221aab59f", size = 149565, upload-time = "2025-05-02T08:32:51.404Z" },
    { url = "https://mirrors.tuna.tsinghua.edu.cn/pypi/web/packages/37/a0/2410e5e6032a174c95e0806b1a6585eb21e12f445ebe239fac441995226a/charset_normalizer-3.4.2-cp312-cp312-win32.whl", hash = "sha256:db4c7bf0e07fc3b7d89ac2a5880a6a8062056801b83ff56d8464b70f65482b6c", size = 98357, upload-time = "2025-05-02T08:32:53.079Z" },
    { url = "https://mirrors.tuna.tsinghua.edu.cn/pypi/web/packages/6c/4f/c02d5c493967af3eda9c771ad4d2bbc8df6f99ddbeb37ceea6e8716a32bc/charset_normalizer-3.4.2-cp312-cp312-win_amd64.whl", hash = "sha256:5a9979887252a82fefd3d3ed2a8e3b937a7a809f65dcb1e068b090e165bbe99e", size = 105776, upload-time = "2025-05-02T08:32:54.573Z" },
    { url = "https://mirrors.tuna.tsinghua.edu.cn/pypi/web/packages/ea/12/a93df3366ed32db1d907d7593a94f1fe6293903e3e92967bebd6950ed12c/charset_normalizer-3.4.2-cp313-cp313-macosx_10_13_universal2.whl", hash = "sha256:926ca93accd5d36ccdabd803392ddc3e03e6d4cd1cf17deff3b989ab8e9dbcf0", size = 199622, upload-time = "2025-05-02T08:32:56.363Z" },
    { url = "https://mirrors.tuna.tsinghua.edu.cn/pypi/web/packages/04/93/bf204e6f344c39d9937d3c13c8cd5bbfc266472e51fc8c07cb7f64fcd2de/charset_normalizer-3.4.2-cp313-cp313-manylinux_2_17_aarch64.manylinux2014_aarch64.whl", hash = "sha256:eba9904b0f38a143592d9fc0e19e2df0fa2e41c3c3745554761c5f6447eedabf", size = 143435, upload-time = "2025-05-02T08:32:58.551Z" },
    { url = "https://mirrors.tuna.tsinghua.edu.cn/pypi/web/packages/22/2a/ea8a2095b0bafa6c5b5a55ffdc2f924455233ee7b91c69b7edfcc9e02284/charset_normalizer-3.4.2-cp313-cp313-manylinux_2_17_ppc64le.manylinux2014_ppc64le.whl", hash = "sha256:3fddb7e2c84ac87ac3a947cb4e66d143ca5863ef48e4a5ecb83bd48619e4634e", size = 153653, upload-time = "2025-05-02T08:33:00.342Z" },
    { url = "https://mirrors.tuna.tsinghua.edu.cn/pypi/web/packages/b6/57/1b090ff183d13cef485dfbe272e2fe57622a76694061353c59da52c9a659/charset_normalizer-3.4.2-cp313-cp313-manylinux_2_17_s390x.manylinux2014_s390x.whl", hash = "sha256:98f862da73774290f251b9df8d11161b6cf25b599a66baf087c1ffe340e9bfd1", size = 146231, upload-time = "2025-05-02T08:33:02.081Z" },
    { url = "https://mirrors.tuna.tsinghua.edu.cn/pypi/web/packages/e2/28/ffc026b26f441fc67bd21ab7f03b313ab3fe46714a14b516f931abe1a2d8/charset_normalizer-3.4.2-cp313-cp313-manylinux_2_17_x86_64.manylinux2014_x86_64.whl", hash = "sha256:6c9379d65defcab82d07b2a9dfbfc2e95bc8fe0ebb1b176a3190230a3ef0e07c", size = 148243, upload-time = "2025-05-02T08:33:04.063Z" },
    { url = "https://mirrors.tuna.tsinghua.edu.cn/pypi/web/packages/c0/0f/9abe9bd191629c33e69e47c6ef45ef99773320e9ad8e9cb08b8ab4a8d4cb/charset_normalizer-3.4.2-cp313-cp313-manylinux_2_5_i686.manylinux1_i686.manylinux_2_17_i686.manylinux2014_i686.whl", hash = "sha256:e635b87f01ebc977342e2697d05b56632f5f879a4f15955dfe8cef2448b51691", size = 150442, upload-time = "2025-05-02T08:33:06.418Z" },
    { url = "https://mirrors.tuna.tsinghua.edu.cn/pypi/web/packages/67/7c/a123bbcedca91d5916c056407f89a7f5e8fdfce12ba825d7d6b9954a1a3c/charset_normalizer-3.4.2-cp313-cp313-musllinux_1_2_aarch64.whl", hash = "sha256:1c95a1e2902a8b722868587c0e1184ad5c55631de5afc0eb96bc4b0d738092c0", size = 145147, upload-time = "2025-05-02T08:33:08.183Z" },
    { url = "https://mirrors.tuna.tsinghua.edu.cn/pypi/web/packages/ec/fe/1ac556fa4899d967b83e9893788e86b6af4d83e4726511eaaad035e36595/charset_normalizer-3.4.2-cp313-cp313-musllinux_1_2_i686.whl", hash = "sha256:ef8de666d6179b009dce7bcb2ad4c4a779f113f12caf8dc77f0162c29d20490b", size = 153057, upload-time = "2025-05-02T08:33:09.986Z" },
    { url = "https://mirrors.tuna.tsinghua.edu.cn/pypi/web/packages/2b/ff/acfc0b0a70b19e3e54febdd5301a98b72fa07635e56f24f60502e954c461/charset_normalizer-3.4.2-cp313-cp313-musllinux_1_2_ppc64le.whl", hash = "sha256:32fc0341d72e0f73f80acb0a2c94216bd704f4f0bce10aedea38f30502b271ff", size = 156454, upload-time = "2025-05-02T08:33:11.814Z" },
    { url = "https://mirrors.tuna.tsinghua.edu.cn/pypi/web/packages/92/08/95b458ce9c740d0645feb0e96cea1f5ec946ea9c580a94adfe0b617f3573/charset_normalizer-3.4.2-cp313-cp313-musllinux_1_2_s390x.whl", hash = "sha256:289200a18fa698949d2b39c671c2cc7a24d44096784e76614899a7ccf2574b7b", size = 154174, upload-time = "2025-05-02T08:33:13.707Z" },
    { url = "https://mirrors.tuna.tsinghua.edu.cn/pypi/web/packages/78/be/8392efc43487ac051eee6c36d5fbd63032d78f7728cb37aebcc98191f1ff/charset_normalizer-3.4.2-cp313-cp313-musllinux_1_2_x86_64.whl", hash = "sha256:4a476b06fbcf359ad25d34a057b7219281286ae2477cc5ff5e3f70a246971148", size = 149166, upload-time = "2025-05-02T08:33:15.458Z" },
    { url = "https://mirrors.tuna.tsinghua.edu.cn/pypi/web/packages/44/96/392abd49b094d30b91d9fbda6a69519e95802250b777841cf3bda8fe136c/charset_normalizer-3.4.2-cp313-cp313-win32.whl", hash = "sha256:aaeeb6a479c7667fbe1099af9617c83aaca22182d6cf8c53966491a0f1b7ffb7", size = 98064, upload-time = "2025-05-02T08:33:17.06Z" },
    { url = "https://mirrors.tuna.tsinghua.edu.cn/pypi/web/packages/e9/b0/0200da600134e001d91851ddc797809e2fe0ea72de90e09bec5a2fbdaccb/charset_normalizer-3.4.2-cp313-cp313-win_amd64.whl", hash = "sha256:aa6af9e7d59f9c12b33ae4e9450619cf2488e2bbe9b44030905877f0b2324980", size = 105641, upload-time = "2025-05-02T08:33:18.753Z" },
    { url = "https://mirrors.tuna.tsinghua.edu.cn/pypi/web/packages/20/94/c5790835a017658cbfabd07f3bfb549140c3ac458cfc196323996b10095a/charset_normalizer-3.4.2-py3-none-any.whl", hash = "sha256:7f56930ab0abd1c45cd15be65cc741c28b1c9a34876ce8c17a2fa107810c0af0", size = 52626, upload-time = "2025-05-02T08:34:40.053Z" },
]

[[package]]
name = "idna"
version = "3.10"
source = { registry = "https://mirrors.tuna.tsinghua.edu.cn/pypi/web/simple" }
sdist = { url = "https://mirrors.tuna.tsinghua.edu.cn/pypi/web/packages/f1/70/7703c29685631f5a7590aa73f1f1d3fa9a380e654b86af429e0934a32f7d/idna-3.10.tar.gz", hash = "sha256:12f65c9b470abda6dc35cf8e63cc574b1c52b11df2c86030af0ac09b01b13ea9", size = 190490, upload-time = "2024-09-15T18:07:39.745Z" }
wheels = [
    { url = "https://mirrors.tuna.tsinghua.edu.cn/pypi/web/packages/76/c6/c88e154df9c4e1a2a66ccf0005a88dfb2650c1dffb6f5ce603dfbd452ce3/idna-3.10-py3-none-any.whl", hash = "sha256:946d195a0d259cbba61165e88e65941f16e9b36ea6ddb97f00452bae8b1287d3", size = 70442, upload-time = "2024-09-15T18:07:37.964Z" },
]

[[package]]
name = "packaging"
version = "25.0"
source = { registry = "https://mirrors.tuna.tsinghua.edu.cn/pypi/web/simple" }
sdist = { url = "https://mirrors.tuna.tsinghua.edu.cn/pypi/web/packages/a1/d4/1fc4078c65507b51b96ca8f8c3ba19e6a61c8253c72794544580a7b6c24d/packaging-25.0.tar.gz", hash = "sha256:d443872c98d677bf60f6a1f2f8c1cb748e8fe762d2bf9d3148b5599295b0fc4f", size = 165727, upload-time = "2025-04-19T11:48:59.673Z" }
wheels = [
    { url = "https://mirrors.tuna.tsinghua.edu.cn/pypi/web/packages/20/12/38679034af332785aac8774540895e234f4d07f7545804097de4b666afd8/packaging-25.0-py3-none-any.whl", hash = "sha256:29572ef2b1f17581046b3a2227d5c611fb25ec70ca1ba8554b24b0e69331a484", size = 66469, upload-time = "2025-04-19T11:48:57.875Z" },
]

[[package]]
name = "pip"
version = "25.1.1"
source = { registry = "https://mirrors.tuna.tsinghua.edu.cn/pypi/web/simple" }
sdist = { url = "https://mirrors.tuna.tsinghua.edu.cn/pypi/web/packages/59/de/241caa0ca606f2ec5fe0c1f4261b0465df78d786a38da693864a116c37f4/pip-25.1.1.tar.gz", hash = "sha256:3de45d411d308d5054c2168185d8da7f9a2cd753dbac8acbfa88a8909ecd9077", size = 1940155, upload-time = "2025-05-02T15:14:02.057Z" }
wheels = [
    { url = "https://mirrors.tuna.tsinghua.edu.cn/pypi/web/packages/29/a2/d40fb2460e883eca5199c62cfc2463fd261f760556ae6290f88488c362c0/pip-25.1.1-py3-none-any.whl", hash = "sha256:2913a38a2abf4ea6b64ab507bd9e967f3b53dc1ede74b01b0931e1ce548751af", size = 1825227, upload-time = "2025-05-02T15:13:59.102Z" },
]

[[package]]
name = "pypiserver"
version = "2.3.2"
source = { registry = "https://mirrors.tuna.tsinghua.edu.cn/pypi/web/simple" }
dependencies = [
    { name = "packaging" },
    { name = "pip" },
]
sdist = { url = "https://mirrors.tuna.tsinghua.edu.cn/pypi/web/packages/78/a8/b96f8c6d1e788e0b5821c7cc7ccd699b710bbb2d075563bdba78164dd6a3/pypiserver-2.3.2.tar.gz", hash = "sha256:d2b16b12a667a9f356f1b022e039d5ad2c33a76986bb2fdb3f18633dbb1afca3", size = 196324, upload-time = "2024-11-24T21:37:58.039Z" }
wheels = [
    { url = "https://mirrors.tuna.tsinghua.edu.cn/pypi/web/packages/85/df/7b9b4a4b8fa8dc1550a8f430ac10eb2c45ea9e493939d644f485a717de25/pypiserver-2.3.2-py2.py3-none-any.whl", hash = "sha256:67c30d2a1a2cea1c4cf6785ddfbce958dc8ee7978e56a54b5f4ebc0c5cb89079", size = 100699, upload-time = "2024-11-24T21:37:54.934Z" },
]

[[package]]
name = "requests"
version = "2.32.3"
source = { registry = "https://mirrors.tuna.tsinghua.edu.cn/pypi/web/simple" }
dependencies = [
    { name = "certifi" },
    { name = "charset-normalizer" },
    { name = "idna" },
    { name = "urllib3" },
]
sdist = { url = "https://mirrors.tuna.tsinghua.edu.cn/pypi/web/packages/63/70/2bf7780ad2d390a8d301ad0b550f1581eadbd9a20f896afe06353c2a2913/requests-2.32.3.tar.gz", hash = "sha256:55365417734eb18255590a9ff9eb97e9e1da868d4ccd6402399eaf68af20a760", size = 131218, upload-time = "2024-05-29T15:37:49.536Z" }
wheels = [
    { url = "https://mirrors.tuna.tsinghua.edu.cn/pypi/web/packages/f9/9b/335f9764261e915ed497fcdeb11df5dfd6f7bf257d4a6a2a686d80da4d54/requests-2.32.3-py3-none-any.whl", hash = "sha256:70761cfe03c773ceb22aa2f671b4757976145175cdfca038c02654d061d6dcc6", size = 64928, upload-time = "2024-05-29T15:37:47.027Z" },
]

[[package]]
name = "soupsieve"
version = "2.7"
source = { registry = "https://mirrors.tuna.tsinghua.edu.cn/pypi/web/simple" }
sdist = { url = "https://mirrors.tuna.tsinghua.edu.cn/pypi/web/packages/3f/f4/4a80cd6ef364b2e8b65b15816a843c0980f7a5a2b4dc701fc574952aa19f/soupsieve-2.7.tar.gz", hash = "sha256:ad282f9b6926286d2ead4750552c8a6142bc4c783fd66b0293547c8fe6ae126a", size = 103418, upload-time = "2025-04-20T18:50:08.518Z" }
wheels = [
    { url = "https://mirrors.tuna.tsinghua.edu.cn/pypi/web/packages/e7/9c/0e6afc12c269578be5c0c1c9f4b49a8d32770a080260c333ac04cc1c832d/soupsieve-2.7-py3-none-any.whl", hash = "sha256:6e60cc5c1ffaf1cebcc12e8188320b72071e922c2e897f737cadce79ad5d30c4", size = 36677, upload-time = "2025-04-20T18:50:07.196Z" },
]

[[package]]
name = "typing-extensions"
version = "4.13.2"
source = { registry = "https://mirrors.tuna.tsinghua.edu.cn/pypi/web/simple" }
sdist = { url = "https://mirrors.tuna.tsinghua.edu.cn/pypi/web/packages/f6/37/23083fcd6e35492953e8d2aaaa68b860eb422b34627b13f2ce3eb6106061/typing_extensions-4.13.2.tar.gz", hash = "sha256:e6c81219bd689f51865d9e372991c540bda33a0379d5573cddb9a3a23f7caaef", size = 106967, upload-time = "2025-04-10T14:19:05.416Z" }
wheels = [
    { url = "https://mirrors.tuna.tsinghua.edu.cn/pypi/web/packages/8b/54/b1ae86c0973cc6f0210b53d508ca3641fb6d0c56823f288d108bc7ab3cc8/typing_extensions-4.13.2-py3-none-any.whl", hash = "sha256:a439e7c04b49fec3e5d3e2beaa21755cadbbdc391694e28ccdd36ca4a1408f8c", size = 45806, upload-time = "2025-04-10T14:19:03.967Z" },
]

[[package]]
name = "urllib3"
version = "2.4.0"
source = { registry = "https://mirrors.tuna.tsinghua.edu.cn/pypi/web/simple" }
sdist = { url = "https://mirrors.tuna.tsinghua.edu.cn/pypi/web/packages/8a/78/16493d9c386d8e60e442a35feac5e00f0913c0f4b7c217c11e8ec2ff53e0/urllib3-2.4.0.tar.gz", hash = "sha256:414bc6535b787febd7567804cc015fee39daab8ad86268f1310a9250697de466", size = 390672, upload-time = "2025-04-10T15:23:39.232Z" }
wheels = [
    { url = "https://mirrors.tuna.tsinghua.edu.cn/pypi/web/packages/6b/11/cc635220681e93a0183390e26485430ca2c7b5f9d33b15c74c2861cb8091/urllib3-2.4.0-py3-none-any.whl", hash = "sha256:4e16665048960a0900c702d4a66415956a584919c03361cac9f1df5c5dd7e813", size = 128680, upload-time = "2025-04-10T15:23:37.377Z" },
]

[[package]]
name = "uv"
version = "0.7.5"
source = { registry = "https://mirrors.tuna.tsinghua.edu.cn/pypi/web/simple" }
sdist = { url = "https://mirrors.tuna.tsinghua.edu.cn/pypi/web/packages/33/b1/e4fcbff616269307743f8c13d1d9a35cb6ef8f39af9f0fbc87f4206b8cc5/uv-0.7.5.tar.gz", hash = "sha256:ae2192283eb645ccab189b1dfd8b13d3264eae631469a903c0e0f2dffce65e3b", size = 3243775, upload-time = "2025-05-17T02:55:56.909Z" }
wheels = [
    { url = "https://mirrors.tuna.tsinghua.edu.cn/pypi/web/packages/74/c6/2badb0b842e51b5cb4be0b4bb188cc353c82a1552e0db61135e15d8f6d6c/uv-0.7.5-py3-none-linux_armv6l.whl", hash = "sha256:e5dcc154a50d7169c3d53acb5574c145652210df703401bfdd68bc6b7db6449e", size = 16701139, upload-time = "2025-05-17T02:55:15.397Z" },
    { url = "https://mirrors.tuna.tsinghua.edu.cn/pypi/web/packages/17/12/6d3190da136e627d7ca8fd070803d95528d5168fb2fd2fabd417d122c3c8/uv-0.7.5-py3-none-macosx_10_12_x86_64.whl", hash = "sha256:837fc7fa86532e241fa98a80cb9588f643b986ccc74da4efc23d0d05c88600c5", size = 16817094, upload-time = "2025-05-17T02:55:19.175Z" },
    { url = "https://mirrors.tuna.tsinghua.edu.cn/pypi/web/packages/fa/f5/2a4862edd5280fcf1c8eacd60f10ecc1136ff4b42d2a5ed28d1caa65a0d7/uv-0.7.5-py3-none-macosx_11_0_arm64.whl", hash = "sha256:cfbba3790770e3b71536e6785cc78d9cb345e5715b19f3e98fca7e9103ec4c8e", size = 15606022, upload-time = "2025-05-17T02:55:21.651Z" },
    { url = "https://mirrors.tuna.tsinghua.edu.cn/pypi/web/packages/94/ec/b984f1476a62c5d4721d3115a7cffba0d6279b8df748574c7055a9d7b341/uv-0.7.5-py3-none-manylinux_2_17_aarch64.manylinux2014_aarch64.musllinux_1_1_aarch64.whl", hash = "sha256:674b96c4ddc8443c8314c3286d27a775c4026704555e7b93aa682f2ad58868f2", size = 16056333, upload-time = "2025-05-17T02:55:24.079Z" },
    { url = "https://mirrors.tuna.tsinghua.edu.cn/pypi/web/packages/89/bb/6ec915cea2388f61543e27e47f48898324a8b2fdad506ff81be65d88a462/uv-0.7.5-py3-none-manylinux_2_17_armv7l.manylinux2014_armv7l.whl", hash = "sha256:54be7ba30f411255c24913ee60ac625665f7b228c300325cdb65a23350342e2c", size = 16429954, upload-time = "2025-05-17T02:55:26.462Z" },
    { url = "https://mirrors.tuna.tsinghua.edu.cn/pypi/web/packages/9b/7b/787cdd92c8a96d9318d7bd7d58a168e39279203254901796713bf5871bef/uv-0.7.5-py3-none-manylinux_2_17_i686.manylinux2014_i686.whl", hash = "sha256:b2caf2bca3ac9d88eac66dc6fbaa221256900e5971dee4fcf990e6b2b3441110", size = 17152111, upload-time = "2025-05-17T02:55:29.01Z" },
    { url = "https://mirrors.tuna.tsinghua.edu.cn/pypi/web/packages/69/56/383205a15a58debff2aaae7c2b7723864abda42193ddd8bf9c449e862121/uv-0.7.5-py3-none-manylinux_2_17_ppc64.manylinux2014_ppc64.whl", hash = "sha256:79bd69eb33cdedd052ebb1f93dad8daccd4fd4f1b2b149ebaf9c4aa65f9babc8", size = 18087736, upload-time = "2025-05-17T02:55:31.361Z" },
    { url = "https://mirrors.tuna.tsinghua.edu.cn/pypi/web/packages/05/eb/ceed03eb2ce17c16284496ac5ae08949ed317e8cfffef56104508c9ab706/uv-0.7.5-py3-none-manylinux_2_17_ppc64le.manylinux2014_ppc64le.whl", hash = "sha256:6687d305c88be916bd9bcea2b0f5d25f29a8e3165da297802d1d3acef1057a26", size = 17803056, upload-time = "2025-05-17T02:55:33.653Z" },
    { url = "https://mirrors.tuna.tsinghua.edu.cn/pypi/web/packages/da/30/113d9e72e849552554254f7398ac8b508362d3511d51c8558a5b4b31091f/uv-0.7.5-py3-none-manylinux_2_17_s390x.manylinux2014_s390x.whl", hash = "sha256:33c958bce0817313a5ee04cc5502c1b4424ea6f860376a341a9c6c1b3ef2b345", size = 22094022, upload-time = "2025-05-17T02:55:36.417Z" },
    { url = "https://mirrors.tuna.tsinghua.edu.cn/pypi/web/packages/dd/88/d465067ec4b1cc8d5357185e12e150848d6c4aade374999f7ade2e04fb9c/uv-0.7.5-py3-none-manylinux_2_17_x86_64.manylinux2014_x86_64.whl", hash = "sha256:1f82fdc676f02cf580294903f8cf7ad219f067616fd79527dfe8a2040d8a4c3a", size = 17447616, upload-time = "2025-05-17T02:55:39.246Z" },
    { url = "https://mirrors.tuna.tsinghua.edu.cn/pypi/web/packages/39/da/a7b57148b27a7f6a85a68e993bd67e90e4269ea57cc99ab23c8eb4c6babe/uv-0.7.5-py3-none-manylinux_2_28_aarch64.whl", hash = "sha256:3ea6ba7d02b32246c1446225d09e88bfd7496215ea33c2321f2ec3427a6b0da3", size = 16314095, upload-time = "2025-05-17T02:55:41.45Z" },
    { url = "https://mirrors.tuna.tsinghua.edu.cn/pypi/web/packages/ad/43/bd8df25a44c05b24978e52d879ed34b3496320329488804dc20ef170afe9/uv-0.7.5-py3-none-musllinux_1_1_armv7l.whl", hash = "sha256:0b788b63ff0b5893b14fb3787d224163a203559949b53ddccee352daae6e132a", size = 16371489, upload-time = "2025-05-17T02:55:43.678Z" },
    { url = "https://mirrors.tuna.tsinghua.edu.cn/pypi/web/packages/73/35/7bc3a80cb816332eb323f6587a74d875c79ceb57e6b70e40d9136b1451a9/uv-0.7.5-py3-none-musllinux_1_1_i686.whl", hash = "sha256:fa20f077ecdffe87a135717b790738fa3444a72077a539e26217dc98ede718fb", size = 16720173, upload-time = "2025-05-17T02:55:45.851Z" },
    { url = "https://mirrors.tuna.tsinghua.edu.cn/pypi/web/packages/bc/ec/297e8be0f67d1cd34c74a54f3d400a5dc8286b94d2b198c6e7df4ba4d0e5/uv-0.7.5-py3-none-musllinux_1_1_x86_64.whl", hash = "sha256:d246a4a4ad5a2749f7ba6ac90f80ac064404570b39d40a313b6c515f0244fee1", size = 17569105, upload-time = "2025-05-17T02:55:48.165Z" },
    { url = "https://mirrors.tuna.tsinghua.edu.cn/pypi/web/packages/f0/74/233b3361a27ed97c3c16b23f37d1b429320d0c0687f2917bfd4faee48c7d/uv-0.7.5-py3-none-win32.whl", hash = "sha256:50fd28007e74ecb2ee39c498c64b94adf2368dd454cd3b0e8db85ca1d5b6cb7c", size = 16891812, upload-time = "2025-05-17T02:55:50.375Z" },
    { url = "https://mirrors.tuna.tsinghua.edu.cn/pypi/web/packages/77/20/88ec1bfc6aa6ba74e7d1ee34afb762095fbbc8b25a050a54fe7446c411c6/uv-0.7.5-py3-none-win_amd64.whl", hash = "sha256:5cb35aced6eff536afe03ff73bc79aff6ac11ec7c895d0c6962a6ea499c60459", size = 18381635, upload-time = "2025-05-17T02:55:52.691Z" },
    { url = "https://mirrors.tuna.tsinghua.edu.cn/pypi/web/packages/67/da/ab8d9cd0e1f3eb099f975e364a81ddf739994690c0693f2aa01c2eee4fa2/uv-0.7.5-py3-none-win_arm64.whl", hash = "sha256:c335beaf62c4e5ba2d07499dbbae9330f016df6911adf8034f4e7f0b3256610b", size = 16992138, upload-time = "2025-05-17T02:55:54.858Z" },
]
